
Microsoft Visual Studio Solution File, Format Version 12.00
# Visual Studio Version 17
VisualStudioVersion = 17.9.34607.119
MinimumVisualStudioVersion = 10.0.40219.1
Project("{FAE04EC0-301F-11D3-BF4B-00C04F79EFBC}") = "BookStoreApi", "BookStoreApi\BookStoreApi.csproj", "{383A0396-C2AF-454A-83BE-BC78F4EACB0D}"
EndProject
Global
	GlobalSection(SolutionConfigurationPlatforms) = preSolution
		Debug|Any CPU = Debug|Any CPU
		Release|Any CPU = Release|Any CPU
	EndGlobalSection
	GlobalSection(ProjectConfigurationPlatforms) = postSolution
		{383A0396-C2AF-454A-83BE-BC78F4EACB0D}.Debug|Any CPU.ActiveCfg = Debug|Any CPU
		{383A0396-C2AF-454A-83BE-BC78F4EACB0D}.Debug|Any CPU.Build.0 = Debug|Any CPU
		{383A0396-C2AF-454A-83BE-BC78F4EACB0D}.Release|Any CPU.ActiveCfg = Release|Any CPU
		{383A0396-C2AF-454A-83BE-BC78F4EACB0D}.Release|Any CPU.Build.0 = Release|Any CPU
	EndGlobalSection
	GlobalSection(SolutionProperties) = preSolution
		HideSolutionNode = FALSE
	EndGlobalSection
	GlobalSection(ExtensibilityGlobals) = postSolution
		SolutionGuid = {EEAFA57F-91A4-43F8-A5A6-D454662FEB2C}
	EndGlobalSection
EndGlobal
